
Microsoft Visual Studio Solution File, Format Version 12.00
# Visual Studio Version 16
VisualStudioVersion = 25.0.1706.14
MinimumVisualStudioVersion = 10.0.40219.1
Project("{FAE04EC0-301F-11D3-BF4B-00C04F79EFBC}") = "ProductApi.Application", "ProductApi.Application\ProductApi.Application.csproj", "{BC295AA4-FFBF-4B5A-B494-0D348F49ECE2}"
EndProject
Project("{FAE04EC0-301F-11D3-BF4B-00C04F79EFBC}") = "ProductApi.Domain", "ProductApi.Domain\ProductApi.Domain.csproj", "{725593A2-09AD-4FCC-AFE8-202512FFB5C3}"
EndProject
Project("{FAE04EC0-301F-11D3-BF4B-00C04F79EFBC}") = "ProductApi.Infrastructure", "ProductApi.Infrastructure\ProductApi.Infrastructure.csproj", "{D15FF5AF-B975-4494-90F2-DACDFE808321}"
EndProject
Project("{FAE04EC0-301F-11D3-BF4B-00C04F79EFBC}") = "ProductApi.Presentation", "ProductApi.Presentation\ProductApi.Presentation.csproj", "{9073957E-C196-4B0F-8B9B-25903C890A39}"
EndProject
Project("{FAE04EC0-301F-11D3-BF4B-00C04F79EFBC}") = "eCommerce.SharedLibrary", "..\DemoECommerce.SharedLibrarySolution\eCommerce.SharedLibrary\eCommerce.SharedLibrary.csproj", "{01B8F302-839E-4F44-9C22-68091947C568}"
EndProject
Project("{2150E333-8FDC-42A3-9474-1A3956D46DE8}") = "src", "src", "{29C98B26-A185-4214-82CF-4B19528E6E99}"
EndProject
Project("{2150E333-8FDC-42A3-9474-1A3956D46DE8}") = "test", "test", "{82C18ECD-C055-4575-B098-C182F60D6232}"
EndProject
Project("{FAE04EC0-301F-11D3-BF4B-00C04F79EFBC}") = "UnitTest.ProductApi", "UnitTest.ProductApi\UnitTest.ProductApi.csproj", "{78523750-1E7E-4EA1-B04C-5FD6BED7F5E7}"
EndProject
Global
	GlobalSection(SolutionConfigurationPlatforms) = preSolution
		Debug|Any CPU = Debug|Any CPU
		Release|Any CPU = Release|Any CPU
	EndGlobalSection
	GlobalSection(ProjectConfigurationPlatforms) = postSolution
		{BC295AA4-FFBF-4B5A-B494-0D348F49ECE2}.Debug|Any CPU.ActiveCfg = Debug|Any CPU
		{BC295AA4-FFBF-4B5A-B494-0D348F49ECE2}.Debug|Any CPU.Build.0 = Debug|Any CPU
		{BC295AA4-FFBF-4B5A-B494-0D348F49ECE2}.Release|Any CPU.ActiveCfg = Release|Any CPU
		{BC295AA4-FFBF-4B5A-B494-0D348F49ECE2}.Release|Any CPU.Build.0 = Release|Any CPU
		{725593A2-09AD-4FCC-AFE8-202512FFB5C3}.Debug|Any CPU.ActiveCfg = Debug|Any CPU
		{725593A2-09AD-4FCC-AFE8-202512FFB5C3}.Debug|Any CPU.Build.0 = Debug|Any CPU
		{725593A2-09AD-4FCC-AFE8-202512FFB5C3}.Release|Any CPU.ActiveCfg = Release|Any CPU
		{725593A2-09AD-4FCC-AFE8-202512FFB5C3}.Release|Any CPU.Build.0 = Release|Any CPU
		{D15FF5AF-B975-4494-90F2-DACDFE808321}.Debug|Any CPU.ActiveCfg = Debug|Any CPU
		{D15FF5AF-B975-4494-90F2-DACDFE808321}.Debug|Any CPU.Build.0 = Debug|Any CPU
		{D15FF5AF-B975-4494-90F2-DACDFE808321}.Release|Any CPU.ActiveCfg = Release|Any CPU
		{D15FF5AF-B975-4494-90F2-DACDFE808321}.Release|Any CPU.Build.0 = Release|Any CPU
		{9073957E-C196-4B0F-8B9B-25903C890A39}.Debug|Any CPU.ActiveCfg = Debug|Any CPU
		{9073957E-C196-4B0F-8B9B-25903C890A39}.Debug|Any CPU.Build.0 = Debug|Any CPU
		{9073957E-C196-4B0F-8B9B-25903C890A39}.Release|Any CPU.ActiveCfg = Release|Any CPU
		{9073957E-C196-4B0F-8B9B-25903C890A39}.Release|Any CPU.Build.0 = Release|Any CPU
		{01B8F302-839E-4F44-9C22-68091947C568}.Debug|Any CPU.ActiveCfg = Debug|Any CPU
		{01B8F302-839E-4F44-9C22-68091947C568}.Debug|Any CPU.Build.0 = Debug|Any CPU
		{01B8F302-839E-4F44-9C22-68091947C568}.Release|Any CPU.ActiveCfg = Release|Any CPU
		{01B8F302-839E-4F44-9C22-68091947C568}.Release|Any CPU.Build.0 = Release|Any CPU
		{78523750-1E7E-4EA1-B04C-5FD6BED7F5E7}.Debug|Any CPU.ActiveCfg = Debug|Any CPU
		{78523750-1E7E-4EA1-B04C-5FD6BED7F5E7}.Debug|Any CPU.Build.0 = Debug|Any CPU
		{78523750-1E7E-4EA1-B04C-5FD6BED7F5E7}.Release|Any CPU.ActiveCfg = Release|Any CPU
		{78523750-1E7E-4EA1-B04C-5FD6BED7F5E7}.Release|Any CPU.Build.0 = Release|Any CPU
	EndGlobalSection
	GlobalSection(SolutionProperties) = preSolution
		HideSolutionNode = FALSE
	EndGlobalSection
	GlobalSection(NestedProjects) = preSolution
		{BC295AA4-FFBF-4B5A-B494-0D348F49ECE2} = {29C98B26-A185-4214-82CF-4B19528E6E99}
		{725593A2-09AD-4FCC-AFE8-202512FFB5C3} = {29C98B26-A185-4214-82CF-4B19528E6E99}
		{D15FF5AF-B975-4494-90F2-DACDFE808321} = {29C98B26-A185-4214-82CF-4B19528E6E99}
		{9073957E-C196-4B0F-8B9B-25903C890A39} = {29C98B26-A185-4214-82CF-4B19528E6E99}
		{01B8F302-839E-4F44-9C22-68091947C568} = {29C98B26-A185-4214-82CF-4B19528E6E99}
		{78523750-1E7E-4EA1-B04C-5FD6BED7F5E7} = {82C18ECD-C055-4575-B098-C182F60D6232}
	EndGlobalSection
	GlobalSection(ExtensibilityGlobals) = postSolution
		SolutionGuid = {332FB6B9-3CA5-4323-9110-733C70CD5F70}
	EndGlobalSection
EndGlobal
