
Microsoft Visual Studio Solution File, Format Version 12.00
# Visual Studio Version 16
VisualStudioVersion = 25.0.1706.14
MinimumVisualStudioVersion = 10.0.40219.1
Project("{FAE04EC0-301F-11D3-BF4B-00C04F79EFBC}") = "ApiGeteway.Presentation", "ApiGeteway.Presentation\ApiGeteway.Presentation.csproj", "{5BD109EF-9E7D-4DD1-81C4-27A70B63F2B2}"
EndProject
Project("{FAE04EC0-301F-11D3-BF4B-00C04F79EFBC}") = "eCommerce.SharedLibrary", "..\DemoECommerce.SharedLibrarySolution\eCommerce.SharedLibrary\eCommerce.SharedLibrary.csproj", "{ADE1534E-6027-4C67-9A43-C3708AA88D43}"
EndProject
Global
	GlobalSection(SolutionConfigurationPlatforms) = preSolution
		Debug|Any CPU = Debug|Any CPU
		Release|Any CPU = Release|Any CPU
	EndGlobalSection
	GlobalSection(ProjectConfigurationPlatforms) = postSolution
		{5BD109EF-9E7D-4DD1-81C4-27A70B63F2B2}.Debug|Any CPU.ActiveCfg = Debug|Any CPU
		{5BD109EF-9E7D-4DD1-81C4-27A70B63F2B2}.Debug|Any CPU.Build.0 = Debug|Any CPU
		{5BD109EF-9E7D-4DD1-81C4-27A70B63F2B2}.Release|Any CPU.ActiveCfg = Release|Any CPU
		{5BD109EF-9E7D-4DD1-81C4-27A70B63F2B2}.Release|Any CPU.Build.0 = Release|Any CPU
		{ADE1534E-6027-4C67-9A43-C3708AA88D43}.Debug|Any CPU.ActiveCfg = Debug|Any CPU
		{ADE1534E-6027-4C67-9A43-C3708AA88D43}.Debug|Any CPU.Build.0 = Debug|Any CPU
		{ADE1534E-6027-4C67-9A43-C3708AA88D43}.Release|Any CPU.ActiveCfg = Release|Any CPU
		{ADE1534E-6027-4C67-9A43-C3708AA88D43}.Release|Any CPU.Build.0 = Release|Any CPU
	EndGlobalSection
	GlobalSection(SolutionProperties) = preSolution
		HideSolutionNode = FALSE
	EndGlobalSection
	GlobalSection(ExtensibilityGlobals) = postSolution
		SolutionGuid = {85EC1159-5397-4018-9217-1CFED2D55A86}
	EndGlobalSection
EndGlobal
