
Microsoft Visual Studio Solution File, Format Version 12.00
# Visual Studio Version 16
VisualStudioVersion = 25.0.1706.14
MinimumVisualStudioVersion = 10.0.40219.1
Project("{FAE04EC0-301F-11D3-BF4B-00C04F79EFBC}") = "eCommerce.SharedLibrary", "eCommerce.SharedLibrary\eCommerce.SharedLibrary.csproj", "{CFABCBEE-503B-427A-AAC5-21774D55254A}"
EndProject
Global
	GlobalSection(SolutionConfigurationPlatforms) = preSolution
		Debug|Any CPU = Debug|Any CPU
		Release|Any CPU = Release|Any CPU
	EndGlobalSection
	GlobalSection(ProjectConfigurationPlatforms) = postSolution
		{CFABCBEE-503B-427A-AAC5-21774D55254A}.Debug|Any CPU.ActiveCfg = Debug|Any CPU
		{CFABCBEE-503B-427A-AAC5-21774D55254A}.Debug|Any CPU.Build.0 = Debug|Any CPU
		{CFABCBEE-503B-427A-AAC5-21774D55254A}.Release|Any CPU.ActiveCfg = Release|Any CPU
		{CFABCBEE-503B-427A-AAC5-21774D55254A}.Release|Any CPU.Build.0 = Release|Any CPU
	EndGlobalSection
	GlobalSection(SolutionProperties) = preSolution
		HideSolutionNode = FALSE
	EndGlobalSection
	GlobalSection(ExtensibilityGlobals) = postSolution
		SolutionGuid = {3F3F28D7-8986-48F0-B4FD-0784DB1057D7}
	EndGlobalSection
EndGlobal
